// !$*UTF8*$!
{
	archiveVersion = 1;
	classes = {
	};
	objectVersion = 46;
	objects = {

/* Begin PBXBuildFile section */
		553EB1F31F757F9E0023F27D /* User.swift in Sources */ = {isa = PBXBuildFile; fileRef = 553EB1F21F757F9E0023F27D /* User.swift */; };
		556A8B8F1F3A9C2800A24A7A /* Dog.swift in Sources */ = {isa = PBXBuildFile; fileRef = 556A8B8E1F3A9C2800A24A7A /* Dog.swift */; };
		557028DF1F33DF67007ADC87 /* AppDelegate.swift in Sources */ = {isa = PBXBuildFile; fileRef = 557028DE1F33DF67007ADC87 /* AppDelegate.swift */; };
		557028E11F33DF67007ADC87 /* MapViewController.swift in Sources */ = {isa = PBXBuildFile; fileRef = 557028E01F33DF67007ADC87 /* MapViewController.swift */; };
		557028E41F33DF67007ADC87 /* Main.storyboard in Resources */ = {isa = PBXBuildFile; fileRef = 557028E21F33DF67007ADC87 /* Main.storyboard */; };
		557028E61F33DF67007ADC87 /* Assets.xcassets in Resources */ = {isa = PBXBuildFile; fileRef = 557028E51F33DF67007ADC87 /* Assets.xcassets */; };
		557028E91F33DF67007ADC87 /* LaunchScreen.storyboard in Resources */ = {isa = PBXBuildFile; fileRef = 557028E71F33DF67007ADC87 /* LaunchScreen.storyboard */; };
		5578455B1FB8134000AB2102 /* Launch Screen.storyboard in Resources */ = {isa = PBXBuildFile; fileRef = 5578455A1FB8134000AB2102 /* Launch Screen.storyboard */; };
		557845631FB81A2500AB2102 /* Localizable.strings in Resources */ = {isa = PBXBuildFile; fileRef = 557845651FB81A2500AB2102 /* Localizable.strings */; };
		5578A4E41FB10CCE00DDFD10 /* FeedTableViewController.swift in Sources */ = {isa = PBXBuildFile; fileRef = 5578A4E31FB10CCE00DDFD10 /* FeedTableViewController.swift */; };
		5581FCD81F734F1C00AF3454 /* DogTableViewController.swift in Sources */ = {isa = PBXBuildFile; fileRef = 5581FCD71F734F1C00AF3454 /* DogTableViewController.swift */; };
		558F10BB1F7389EF006679CF /* ProfileTableViewCell.swift in Sources */ = {isa = PBXBuildFile; fileRef = 558F10BA1F7389EF006679CF /* ProfileTableViewCell.swift */; };
		558F10BD1F74E1C6006679CF /* DogTableViewCell.swift in Sources */ = {isa = PBXBuildFile; fileRef = 558F10BC1F74E1C6006679CF /* DogTableViewCell.swift */; };
		55957A931F72E4070083C0C4 /* CustomAnnotationView.swift in Sources */ = {isa = PBXBuildFile; fileRef = 55957A921F72E4070083C0C4 /* CustomAnnotationView.swift */; };
		55957A951F72E7A10083C0C4 /* CustomCalloutView.xib in Resources */ = {isa = PBXBuildFile; fileRef = 55957A941F72E7A10083C0C4 /* CustomCalloutView.xib */; };
		55957A971F72EFA00083C0C4 /* CustomCalloutView.swift in Sources */ = {isa = PBXBuildFile; fileRef = 55957A961F72EFA00083C0C4 /* CustomCalloutView.swift */; };
		55A8C93D1F650AA4008B8B22 /* GoogleService-Info.plist in Resources */ = {isa = PBXBuildFile; fileRef = 55A8C93C1F650A93008B8B22 /* GoogleService-Info.plist */; };
		55AA1DB91FAA558A005922DC /* LeaderboardViewController.swift in Sources */ = {isa = PBXBuildFile; fileRef = 55AA1DB81FAA558A005922DC /* LeaderboardViewController.swift */; };
		55AA1DBB1FAA5E0F005922DC /* LeaderboardUserTableViewCell.swift in Sources */ = {isa = PBXBuildFile; fileRef = 55AA1DBA1FAA5E0F005922DC /* LeaderboardUserTableViewCell.swift */; };
		55B273C51F62353B0088BF27 /* ShadowedView.swift in Sources */ = {isa = PBXBuildFile; fileRef = 55B273C41F62353B0088BF27 /* ShadowedView.swift */; };
		55C606461F62063D00B3F870 /* LoginViewController.swift in Sources */ = {isa = PBXBuildFile; fileRef = 55C606451F62063D00B3F870 /* LoginViewController.swift */; };
		55C9A22E1F3D3EAB00232476 /* MapKit.framework in Frameworks */ = {isa = PBXBuildFile; fileRef = 55C9A22D1F3D3EAB00232476 /* MapKit.framework */; };
		55CEF8BD1F524EB1001F1C85 /* Foundation.framework in Frameworks */ = {isa = PBXBuildFile; fileRef = 55CEF8BC1F524EB1001F1C85 /* Foundation.framework */; };
		55CEF8C31F57BF0F001F1C85 /* CustomAnnotation.swift in Sources */ = {isa = PBXBuildFile; fileRef = 55CEF8C21F57BF0F001F1C85 /* CustomAnnotation.swift */; };
		55CFC9281F70BD8E007789D2 /* FriendSearchTableViewController.swift in Sources */ = {isa = PBXBuildFile; fileRef = 55CFC9271F70BD8E007789D2 /* FriendSearchTableViewController.swift */; };
		55CFC92C1F70C4A3007789D2 /* AccountTableViewController.swift in Sources */ = {isa = PBXBuildFile; fileRef = 55CFC92B1F70C4A3007789D2 /* AccountTableViewController.swift */; };
		55D8E5841F5B38D400FD6A3A /* NewDogViewController.swift in Sources */ = {isa = PBXBuildFile; fileRef = 55D8E5831F5B38D400FD6A3A /* NewDogViewController.swift */; };
		55D8E58C1F5B3C1F00FD6A3A /* DesignableView.swift in Sources */ = {isa = PBXBuildFile; fileRef = 55D8E58B1F5B3C1F00FD6A3A /* DesignableView.swift */; };
		55D8E5921F5CF25300FD6A3A /* DesignableButton.swift in Sources */ = {isa = PBXBuildFile; fileRef = 55D8E5911F5CF25300FD6A3A /* DesignableButton.swift */; };
		55D8E5931F5CFC2F00FD6A3A /* PT_Serif-Web-Bold.ttf in Resources */ = {isa = PBXBuildFile; fileRef = 55D8E5871F5B39A500FD6A3A /* PT_Serif-Web-Bold.ttf */; };
		55D8E5941F5CFC2F00FD6A3A /* PT_Serif-Web-BoldItalic.ttf in Resources */ = {isa = PBXBuildFile; fileRef = 55D8E5881F5B39A500FD6A3A /* PT_Serif-Web-BoldItalic.ttf */; };
		55D8E5951F5CFC2F00FD6A3A /* PT_Serif-Web-Regular.ttf in Resources */ = {isa = PBXBuildFile; fileRef = 55D8E5891F5B39A500FD6A3A /* PT_Serif-Web-Regular.ttf */; };
		55D8E5961F5CFC2F00FD6A3A /* PT_Sans-Web-Regular.ttf in Resources */ = {isa = PBXBuildFile; fileRef = 55D8E5861F5B398A00FD6A3A /* PT_Sans-Web-Regular.ttf */; };
		DC02DEC66F16BCBFB992AA4A /* Pods_DogSpotter.framework in Frameworks */ = {isa = PBXBuildFile; fileRef = DB535B25C8A173D8C6470A20 /* Pods_DogSpotter.framework */; };
/* End PBXBuildFile section */

/* Begin PBXBuildRule section */
		557845661FB81A9900AB2102 /* PBXBuildRule */ = {
			isa = PBXBuildRule;
			compilerSpec = com.apple.compilers.proxy.script;
			fileType = text.plist.stringsdict;
			isEditable = 1;
			outputFiles = (
			);
			script = "# builtin-copyStrings\n";
		};
/* End PBXBuildRule section */

/* Begin PBXFileReference section */
		553EB1F21F757F9E0023F27D /* User.swift */ = {isa = PBXFileReference; lastKnownFileType = sourcecode.swift; path = User.swift; sourceTree = "<group>"; };
		556A8B8E1F3A9C2800A24A7A /* Dog.swift */ = {isa = PBXFileReference; fileEncoding = 4; lastKnownFileType = sourcecode.swift; path = Dog.swift; sourceTree = "<group>"; };
		557028DB1F33DF67007ADC87 /* DogSpotter.app */ = {isa = PBXFileReference; explicitFileType = wrapper.application; includeInIndex = 0; path = DogSpotter.app; sourceTree = BUILT_PRODUCTS_DIR; };
		557028DE1F33DF67007ADC87 /* AppDelegate.swift */ = {isa = PBXFileReference; lastKnownFileType = sourcecode.swift; path = AppDelegate.swift; sourceTree = "<group>"; };
		557028E01F33DF67007ADC87 /* MapViewController.swift */ = {isa = PBXFileReference; lastKnownFileType = sourcecode.swift; path = MapViewController.swift; sourceTree = "<group>"; };
		557028E31F33DF67007ADC87 /* Base */ = {isa = PBXFileReference; lastKnownFileType = file.storyboard; name = Base; path = Base.lproj/Main.storyboard; sourceTree = "<group>"; };
		557028E51F33DF67007ADC87 /* Assets.xcassets */ = {isa = PBXFileReference; lastKnownFileType = folder.assetcatalog; path = Assets.xcassets; sourceTree = "<group>"; };
		557028E81F33DF67007ADC87 /* Base */ = {isa = PBXFileReference; lastKnownFileType = file.storyboard; name = Base; path = Base.lproj/LaunchScreen.storyboard; sourceTree = "<group>"; };
		557028EA1F33DF67007ADC87 /* Info.plist */ = {isa = PBXFileReference; lastKnownFileType = text.plist.xml; path = Info.plist; sourceTree = "<group>"; };
		5578455A1FB8134000AB2102 /* Launch Screen.storyboard */ = {isa = PBXFileReference; lastKnownFileType = file.storyboard; path = "Launch Screen.storyboard"; sourceTree = "<group>"; };
		557845641FB81A2500AB2102 /* en */ = {isa = PBXFileReference; lastKnownFileType = text.plist.strings; name = en; path = en.lproj/Localizable.strings; sourceTree = "<group>"; };
		557845671FB81AAC00AB2102 /* Base */ = {isa = PBXFileReference; lastKnownFileType = text.plist.strings; name = Base; path = Base.lproj/Localizable.strings; sourceTree = "<group>"; };
		557845681FB81B0700AB2102 /* es */ = {isa = PBXFileReference; lastKnownFileType = text.plist.strings; name = es; path = es.lproj/Main.strings; sourceTree = "<group>"; };
		557845691FB81B0800AB2102 /* es */ = {isa = PBXFileReference; lastKnownFileType = text.plist.strings; name = es; path = es.lproj/LaunchScreen.strings; sourceTree = "<group>"; };
		5578456A1FB81B0800AB2102 /* es */ = {isa = PBXFileReference; lastKnownFileType = text.plist.strings; name = es; path = es.lproj/Localizable.strings; sourceTree = "<group>"; };
		5578A4E31FB10CCE00DDFD10 /* FeedTableViewController.swift */ = {isa = PBXFileReference; lastKnownFileType = sourcecode.swift; path = FeedTableViewController.swift; sourceTree = "<group>"; };
		5581FCD71F734F1C00AF3454 /* DogTableViewController.swift */ = {isa = PBXFileReference; lastKnownFileType = sourcecode.swift; path = DogTableViewController.swift; sourceTree = "<group>"; tabWidth = 4; };
		558F10BA1F7389EF006679CF /* ProfileTableViewCell.swift */ = {isa = PBXFileReference; lastKnownFileType = sourcecode.swift; path = ProfileTableViewCell.swift; sourceTree = "<group>"; };
		558F10BC1F74E1C6006679CF /* DogTableViewCell.swift */ = {isa = PBXFileReference; lastKnownFileType = sourcecode.swift; path = DogTableViewCell.swift; sourceTree = "<group>"; };
		55957A921F72E4070083C0C4 /* CustomAnnotationView.swift */ = {isa = PBXFileReference; lastKnownFileType = sourcecode.swift; path = CustomAnnotationView.swift; sourceTree = "<group>"; };
		55957A941F72E7A10083C0C4 /* CustomCalloutView.xib */ = {isa = PBXFileReference; lastKnownFileType = file.xib; path = CustomCalloutView.xib; sourceTree = "<group>"; };
		55957A961F72EFA00083C0C4 /* CustomCalloutView.swift */ = {isa = PBXFileReference; lastKnownFileType = sourcecode.swift; path = CustomCalloutView.swift; sourceTree = "<group>"; };
		55A8C93C1F650A93008B8B22 /* GoogleService-Info.plist */ = {isa = PBXFileReference; lastKnownFileType = text.plist.xml; path = "GoogleService-Info.plist"; sourceTree = "<group>"; };
		55AA1DB81FAA558A005922DC /* LeaderboardViewController.swift */ = {isa = PBXFileReference; lastKnownFileType = sourcecode.swift; path = LeaderboardViewController.swift; sourceTree = "<group>"; };
		55AA1DBA1FAA5E0F005922DC /* LeaderboardUserTableViewCell.swift */ = {isa = PBXFileReference; lastKnownFileType = sourcecode.swift; path = LeaderboardUserTableViewCell.swift; sourceTree = "<group>"; };
		55B273C41F62353B0088BF27 /* ShadowedView.swift */ = {isa = PBXFileReference; lastKnownFileType = sourcecode.swift; path = ShadowedView.swift; sourceTree = "<group>"; };
		55C606451F62063D00B3F870 /* LoginViewController.swift */ = {isa = PBXFileReference; lastKnownFileType = sourcecode.swift; path = LoginViewController.swift; sourceTree = "<group>"; };
		55C9A22D1F3D3EAB00232476 /* MapKit.framework */ = {isa = PBXFileReference; lastKnownFileType = wrapper.framework; name = MapKit.framework; path = System/Library/Frameworks/MapKit.framework; sourceTree = SDKROOT; };
		55CEF8BC1F524EB1001F1C85 /* Foundation.framework */ = {isa = PBXFileReference; lastKnownFileType = wrapper.framework; name = Foundation.framework; path = System/Library/Frameworks/Foundation.framework; sourceTree = SDKROOT; };
		55CEF8C21F57BF0F001F1C85 /* CustomAnnotation.swift */ = {isa = PBXFileReference; lastKnownFileType = sourcecode.swift; path = CustomAnnotation.swift; sourceTree = "<group>"; };
		55CFC9271F70BD8E007789D2 /* FriendSearchTableViewController.swift */ = {isa = PBXFileReference; lastKnownFileType = sourcecode.swift; name = FriendSearchTableViewController.swift; path = DogSpotter/Controller/FriendSearchTableViewController.swift; sourceTree = SOURCE_ROOT; };
		55CFC92B1F70C4A3007789D2 /* AccountTableViewController.swift */ = {isa = PBXFileReference; lastKnownFileType = sourcecode.swift; path = AccountTableViewController.swift; sourceTree = "<group>"; };
		55D8E5831F5B38D400FD6A3A /* NewDogViewController.swift */ = {isa = PBXFileReference; lastKnownFileType = sourcecode.swift; path = NewDogViewController.swift; sourceTree = "<group>"; usesTabs = 1; };
		55D8E5861F5B398A00FD6A3A /* PT_Sans-Web-Regular.ttf */ = {isa = PBXFileReference; lastKnownFileType = file; path = "PT_Sans-Web-Regular.ttf"; sourceTree = "<group>"; };
		55D8E5871F5B39A500FD6A3A /* PT_Serif-Web-Bold.ttf */ = {isa = PBXFileReference; lastKnownFileType = file; path = "PT_Serif-Web-Bold.ttf"; sourceTree = "<group>"; };
		55D8E5881F5B39A500FD6A3A /* PT_Serif-Web-BoldItalic.ttf */ = {isa = PBXFileReference; lastKnownFileType = file; path = "PT_Serif-Web-BoldItalic.ttf"; sourceTree = "<group>"; };
		55D8E5891F5B39A500FD6A3A /* PT_Serif-Web-Regular.ttf */ = {isa = PBXFileReference; lastKnownFileType = file; path = "PT_Serif-Web-Regular.ttf"; sourceTree = "<group>"; };
		55D8E58B1F5B3C1F00FD6A3A /* DesignableView.swift */ = {isa = PBXFileReference; lastKnownFileType = sourcecode.swift; path = DesignableView.swift; sourceTree = "<group>"; };
		55D8E5911F5CF25300FD6A3A /* DesignableButton.swift */ = {isa = PBXFileReference; lastKnownFileType = sourcecode.swift; path = DesignableButton.swift; sourceTree = "<group>"; };
		D5D7BF16280BED52C0358E4F /* Pods-DogSpotter.debug.xcconfig */ = {isa = PBXFileReference; includeInIndex = 1; lastKnownFileType = text.xcconfig; name = "Pods-DogSpotter.debug.xcconfig"; path = "Pods/Target Support Files/Pods-DogSpotter/Pods-DogSpotter.debug.xcconfig"; sourceTree = "<group>"; };
		DB535B25C8A173D8C6470A20 /* Pods_DogSpotter.framework */ = {isa = PBXFileReference; explicitFileType = wrapper.framework; includeInIndex = 0; path = Pods_DogSpotter.framework; sourceTree = BUILT_PRODUCTS_DIR; };
		E1AB53EB3B938C9600F26879 /* Pods-DogSpotter.release.xcconfig */ = {isa = PBXFileReference; includeInIndex = 1; lastKnownFileType = text.xcconfig; name = "Pods-DogSpotter.release.xcconfig"; path = "Pods/Target Support Files/Pods-DogSpotter/Pods-DogSpotter.release.xcconfig"; sourceTree = "<group>"; };
/* End PBXFileReference section */

/* Begin PBXFrameworksBuildPhase section */
		557028D81F33DF67007ADC87 /* Frameworks */ = {
			isa = PBXFrameworksBuildPhase;
			buildActionMask = 2147483647;
			files = (
				55CEF8BD1F524EB1001F1C85 /* Foundation.framework in Frameworks */,
				55C9A22E1F3D3EAB00232476 /* MapKit.framework in Frameworks */,
				DC02DEC66F16BCBFB992AA4A /* Pods_DogSpotter.framework in Frameworks */,
			);
			runOnlyForDeploymentPostprocessing = 0;
		};
/* End PBXFrameworksBuildPhase section */

/* Begin PBXGroup section */
		15767676176F9FB36E2A6323 /* Pods */ = {
			isa = PBXGroup;
			children = (
				D5D7BF16280BED52C0358E4F /* Pods-DogSpotter.debug.xcconfig */,
				E1AB53EB3B938C9600F26879 /* Pods-DogSpotter.release.xcconfig */,
			);
			name = Pods;
			sourceTree = "<group>";
		};
		5504E0D51F789D44005A9833 /* Designables */ = {
			isa = PBXGroup;
			children = (
				55D8E58B1F5B3C1F00FD6A3A /* DesignableView.swift */,
				55D8E5911F5CF25300FD6A3A /* DesignableButton.swift */,
			);
			path = Designables;
			sourceTree = "<group>";
		};
		557028D21F33DF67007ADC87 = {
			isa = PBXGroup;
			children = (
				557028DD1F33DF67007ADC87 /* DogSpotter */,
				557028DC1F33DF67007ADC87 /* Products */,
				55C9A22C1F3D3EAA00232476 /* Frameworks */,
				15767676176F9FB36E2A6323 /* Pods */,
			);
			sourceTree = "<group>";
		};
		557028DC1F33DF67007ADC87 /* Products */ = {
			isa = PBXGroup;
			children = (
				557028DB1F33DF67007ADC87 /* DogSpotter.app */,
			);
			name = Products;
			sourceTree = "<group>";
		};
		557028DD1F33DF67007ADC87 /* DogSpotter */ = {
			isa = PBXGroup;
			children = (
				5596A2BA1F6B2EB800ED546E /* Controller */,
				5596A2B81F6B2E8E00ED546E /* Model */,
				55D8E58A1F5B3BF100FD6A3A /* View */,
				557028E51F33DF67007ADC87 /* Assets.xcassets */,
				557028E71F33DF67007ADC87 /* LaunchScreen.storyboard */,
				557028EA1F33DF67007ADC87 /* Info.plist */,
				55A8C93C1F650A93008B8B22 /* GoogleService-Info.plist */,
			);
			path = DogSpotter;
			sourceTree = "<group>";
		};
		5596A2B81F6B2E8E00ED546E /* Model */ = {
			isa = PBXGroup;
			children = (
				55CEF8C21F57BF0F001F1C85 /* CustomAnnotation.swift */,
				556A8B8E1F3A9C2800A24A7A /* Dog.swift */,
				553EB1F21F757F9E0023F27D /* User.swift */,
			);
			path = Model;
			sourceTree = "<group>";
		};
		5596A2BA1F6B2EB800ED546E /* Controller */ = {
			isa = PBXGroup;
			children = (
				557028DE1F33DF67007ADC87 /* AppDelegate.swift */,
				557028E01F33DF67007ADC87 /* MapViewController.swift */,
				55D8E5831F5B38D400FD6A3A /* NewDogViewController.swift */,
				55C606451F62063D00B3F870 /* LoginViewController.swift */,
				55CFC9271F70BD8E007789D2 /* FriendSearchTableViewController.swift */,
				55CFC92B1F70C4A3007789D2 /* AccountTableViewController.swift */,
				557845651FB81A2500AB2102 /* Localizable.strings */,
				5581FCD71F734F1C00AF3454 /* DogTableViewController.swift */,
				55AA1DB81FAA558A005922DC /* LeaderboardViewController.swift */,
				5578A4E31FB10CCE00DDFD10 /* FeedTableViewController.swift */,
			);
			path = Controller;
			sourceTree = "<group>";
		};
		55C9A22C1F3D3EAA00232476 /* Frameworks */ = {
			isa = PBXGroup;
			children = (
				55CEF8BC1F524EB1001F1C85 /* Foundation.framework */,
				55C9A22D1F3D3EAB00232476 /* MapKit.framework */,
				DB535B25C8A173D8C6470A20 /* Pods_DogSpotter.framework */,
			);
			name = Frameworks;
			sourceTree = "<group>";
		};
		55D8E5851F5B38E900FD6A3A /* Fonts */ = {
			isa = PBXGroup;
			children = (
				55D8E5871F5B39A500FD6A3A /* PT_Serif-Web-Bold.ttf */,
				55D8E5881F5B39A500FD6A3A /* PT_Serif-Web-BoldItalic.ttf */,
				55D8E5891F5B39A500FD6A3A /* PT_Serif-Web-Regular.ttf */,
				55D8E5861F5B398A00FD6A3A /* PT_Sans-Web-Regular.ttf */,
			);
			path = Fonts;
			sourceTree = "<group>";
		};
		55D8E58A1F5B3BF100FD6A3A /* View */ = {
			isa = PBXGroup;
			children = (
				5578455A1FB8134000AB2102 /* Launch Screen.storyboard */,
				5504E0D51F789D44005A9833 /* Designables */,
				55D8E5851F5B38E900FD6A3A /* Fonts */,
				557028E21F33DF67007ADC87 /* Main.storyboard */,
				558F10BA1F7389EF006679CF /* ProfileTableViewCell.swift */,
				558F10BC1F74E1C6006679CF /* DogTableViewCell.swift */,
				55B273C41F62353B0088BF27 /* ShadowedView.swift */,
				55957A921F72E4070083C0C4 /* CustomAnnotationView.swift */,
				55957A941F72E7A10083C0C4 /* CustomCalloutView.xib */,
				55957A961F72EFA00083C0C4 /* CustomCalloutView.swift */,
				55AA1DBA1FAA5E0F005922DC /* LeaderboardUserTableViewCell.swift */,
			);
			path = View;
			sourceTree = "<group>";
		};
/* End PBXGroup section */

/* Begin PBXNativeTarget section */
		557028DA1F33DF67007ADC87 /* DogSpotter */ = {
			isa = PBXNativeTarget;
			buildConfigurationList = 557028ED1F33DF67007ADC87 /* Build configuration list for PBXNativeTarget "DogSpotter" */;
			buildPhases = (
				BC596A849C006D0F603F95C1 /* [CP] Check Pods Manifest.lock */,
				557028D71F33DF67007ADC87 /* Sources */,
				557028D81F33DF67007ADC87 /* Frameworks */,
				557028D91F33DF67007ADC87 /* Resources */,
				7AEE6EAF30A5130004AB06EE /* [CP] Embed Pods Frameworks */,
				775A5A9F45C91CC14ADA397D /* [CP] Copy Pods Resources */,
			);
			buildRules = (
				557845661FB81A9900AB2102 /* PBXBuildRule */,
			);
			dependencies = (
			);
			name = DogSpotter;
			productName = DogSpotter;
			productReference = 557028DB1F33DF67007ADC87 /* DogSpotter.app */;
			productType = "com.apple.product-type.application";
		};
/* End PBXNativeTarget section */

/* Begin PBXProject section */
		557028D31F33DF67007ADC87 /* Project object */ = {
			isa = PBXProject;
			attributes = {
				LastSwiftUpdateCheck = 0830;
				LastUpgradeCheck = 0900;
				ORGANIZATIONNAME = "Cody Potter";
				TargetAttributes = {
					557028DA1F33DF67007ADC87 = {
						CreatedOnToolsVersion = 8.3.3;
						DevelopmentTeam = FB5JTSFFP4;
						LastSwiftMigration = 0900;
						ProvisioningStyle = Automatic;
					};
				};
			};
			buildConfigurationList = 557028D61F33DF67007ADC87 /* Build configuration list for PBXProject "DogSpotter" */;
			compatibilityVersion = "Xcode 3.2";
			developmentRegion = English;
			hasScannedForEncodings = 0;
			knownRegions = (
				en,
				Base,
				es,
			);
			mainGroup = 557028D21F33DF67007ADC87;
			productRefGroup = 557028DC1F33DF67007ADC87 /* Products */;
			projectDirPath = "";
			projectRoot = "";
			targets = (
				557028DA1F33DF67007ADC87 /* DogSpotter */,
			);
		};
/* End PBXProject section */

/* Begin PBXResourcesBuildPhase section */
		557028D91F33DF67007ADC87 /* Resources */ = {
			isa = PBXResourcesBuildPhase;
			buildActionMask = 2147483647;
			files = (
				55D8E5931F5CFC2F00FD6A3A /* PT_Serif-Web-Bold.ttf in Resources */,
				55957A951F72E7A10083C0C4 /* CustomCalloutView.xib in Resources */,
				557845631FB81A2500AB2102 /* Localizable.strings in Resources */,
				55A8C93D1F650AA4008B8B22 /* GoogleService-Info.plist in Resources */,
				55D8E5941F5CFC2F00FD6A3A /* PT_Serif-Web-BoldItalic.ttf in Resources */,
				55D8E5951F5CFC2F00FD6A3A /* PT_Serif-Web-Regular.ttf in Resources */,
				55D8E5961F5CFC2F00FD6A3A /* PT_Sans-Web-Regular.ttf in Resources */,
				557028E91F33DF67007ADC87 /* LaunchScreen.storyboard in Resources */,
				557028E61F33DF67007ADC87 /* Assets.xcassets in Resources */,
				5578455B1FB8134000AB2102 /* Launch Screen.storyboard in Resources */,
				557028E41F33DF67007ADC87 /* Main.storyboard in Resources */,
			);
			runOnlyForDeploymentPostprocessing = 0;
		};
/* End PBXResourcesBuildPhase section */

/* Begin PBXShellScriptBuildPhase section */
		775A5A9F45C91CC14ADA397D /* [CP] Copy Pods Resources */ = {
			isa = PBXShellScriptBuildPhase;
			buildActionMask = 2147483647;
			files = (
			);
			inputPaths = (
			);
			name = "[CP] Copy Pods Resources";
			outputPaths = (
			);
			runOnlyForDeploymentPostprocessing = 0;
			shellPath = /bin/sh;
			shellScript = "\"${SRCROOT}/Pods/Target Support Files/Pods-DogSpotter/Pods-DogSpotter-resources.sh\"\n";
			showEnvVarsInLog = 0;
		};
		7AEE6EAF30A5130004AB06EE /* [CP] Embed Pods Frameworks */ = {
			isa = PBXShellScriptBuildPhase;
			buildActionMask = 2147483647;
			files = (
			);
			inputPaths = (
				"${SRCROOT}/Pods/Target Support Files/Pods-DogSpotter/Pods-DogSpotter-frameworks.sh",
				"${BUILT_PRODUCTS_DIR}/GTMSessionFetcher/GTMSessionFetcher.framework",
				"${BUILT_PRODUCTS_DIR}/GoogleToolboxForMac/GoogleToolboxForMac.framework",
				"${BUILT_PRODUCTS_DIR}/MDFInternationalization/MDFInternationalization.framework",
				"${BUILT_PRODUCTS_DIR}/MDFTextAccessibility/MDFTextAccessibility.framework",
				"${BUILT_PRODUCTS_DIR}/MaterialComponents/MaterialComponents.framework",
				"${BUILT_PRODUCTS_DIR}/MotionAnimator/MotionAnimator.framework",
				"${BUILT_PRODUCTS_DIR}/MotionInterchange/MotionInterchange.framework",
				"${BUILT_PRODUCTS_DIR}/MotionTransitioning/MotionTransitioning.framework",
				"${BUILT_PRODUCTS_DIR}/SVProgressHUD/SVProgressHUD.framework",
				"${BUILT_PRODUCTS_DIR}/leveldb-library/leveldb.framework",
				"${BUILT_PRODUCTS_DIR}/nanopb/nanopb.framework",
			);
			name = "[CP] Embed Pods Frameworks";
			outputPaths = (
				"${TARGET_BUILD_DIR}/${FRAMEWORKS_FOLDER_PATH}/GTMSessionFetcher.framework",
				"${TARGET_BUILD_DIR}/${FRAMEWORKS_FOLDER_PATH}/GoogleToolboxForMac.framework",
				"${TARGET_BUILD_DIR}/${FRAMEWORKS_FOLDER_PATH}/MDFInternationalization.framework",
				"${TARGET_BUILD_DIR}/${FRAMEWORKS_FOLDER_PATH}/MDFTextAccessibility.framework",
				"${TARGET_BUILD_DIR}/${FRAMEWORKS_FOLDER_PATH}/MaterialComponents.framework",
				"${TARGET_BUILD_DIR}/${FRAMEWORKS_FOLDER_PATH}/MotionAnimator.framework",
				"${TARGET_BUILD_DIR}/${FRAMEWORKS_FOLDER_PATH}/MotionInterchange.framework",
				"${TARGET_BUILD_DIR}/${FRAMEWORKS_FOLDER_PATH}/MotionTransitioning.framework",
				"${TARGET_BUILD_DIR}/${FRAMEWORKS_FOLDER_PATH}/SVProgressHUD.framework",
				"${TARGET_BUILD_DIR}/${FRAMEWORKS_FOLDER_PATH}/leveldb.framework",
				"${TARGET_BUILD_DIR}/${FRAMEWORKS_FOLDER_PATH}/nanopb.framework",
			);
			runOnlyForDeploymentPostprocessing = 0;
			shellPath = /bin/sh;
			shellScript = "\"${SRCROOT}/Pods/Target Support Files/Pods-DogSpotter/Pods-DogSpotter-frameworks.sh\"\n";
			showEnvVarsInLog = 0;
		};
		BC596A849C006D0F603F95C1 /* [CP] Check Pods Manifest.lock */ = {
			isa = PBXShellScriptBuildPhase;
			buildActionMask = 2147483647;
			files = (
			);
			inputPaths = (
				"${PODS_PODFILE_DIR_PATH}/Podfile.lock",
				"${PODS_ROOT}/Manifest.lock",
			);
			name = "[CP] Check Pods Manifest.lock";
			outputPaths = (
				"$(DERIVED_FILE_DIR)/Pods-DogSpotter-checkManifestLockResult.txt",
			);
			runOnlyForDeploymentPostprocessing = 0;
			shellPath = /bin/sh;
			shellScript = "diff \"${PODS_PODFILE_DIR_PATH}/Podfile.lock\" \"${PODS_ROOT}/Manifest.lock\" > /dev/null\nif [ $? != 0 ] ; then\n    # print error to STDERR\n    echo \"error: The sandbox is not in sync with the Podfile.lock. Run 'pod install' or update your CocoaPods installation.\" >&2\n    exit 1\nfi\n# This output is used by Xcode 'outputs' to avoid re-running this script phase.\necho \"SUCCESS\" > \"${SCRIPT_OUTPUT_FILE_0}\"\n";
			showEnvVarsInLog = 0;
		};
/* End PBXShellScriptBuildPhase section */

/* Begin PBXSourcesBuildPhase section */
		557028D71F33DF67007ADC87 /* Sources */ = {
			isa = PBXSourcesBuildPhase;
			buildActionMask = 2147483647;
			files = (
				55B273C51F62353B0088BF27 /* ShadowedView.swift in Sources */,
				557028E11F33DF67007ADC87 /* MapViewController.swift in Sources */,
				557028DF1F33DF67007ADC87 /* AppDelegate.swift in Sources */,
				558F10BB1F7389EF006679CF /* ProfileTableViewCell.swift in Sources */,
				55AA1DBB1FAA5E0F005922DC /* LeaderboardUserTableViewCell.swift in Sources */,
				55AA1DB91FAA558A005922DC /* LeaderboardViewController.swift in Sources */,
				55CFC92C1F70C4A3007789D2 /* AccountTableViewController.swift in Sources */,
				5578A4E41FB10CCE00DDFD10 /* FeedTableViewController.swift in Sources */,
				5581FCD81F734F1C00AF3454 /* DogTableViewController.swift in Sources */,
				55D8E5921F5CF25300FD6A3A /* DesignableButton.swift in Sources */,
				553EB1F31F757F9E0023F27D /* User.swift in Sources */,
				55D8E58C1F5B3C1F00FD6A3A /* DesignableView.swift in Sources */,
				55CFC9281F70BD8E007789D2 /* FriendSearchTableViewController.swift in Sources */,
				55957A971F72EFA00083C0C4 /* CustomCalloutView.swift in Sources */,
				55C606461F62063D00B3F870 /* LoginViewController.swift in Sources */,
				55CEF8C31F57BF0F001F1C85 /* CustomAnnotation.swift in Sources */,
				556A8B8F1F3A9C2800A24A7A /* Dog.swift in Sources */,
				55957A931F72E4070083C0C4 /* CustomAnnotationView.swift in Sources */,
				558F10BD1F74E1C6006679CF /* DogTableViewCell.swift in Sources */,
				55D8E5841F5B38D400FD6A3A /* NewDogViewController.swift in Sources */,
			);
			runOnlyForDeploymentPostprocessing = 0;
		};
/* End PBXSourcesBuildPhase section */

/* Begin PBXVariantGroup section */
		557028E21F33DF67007ADC87 /* Main.storyboard */ = {
			isa = PBXVariantGroup;
			children = (
				557028E31F33DF67007ADC87 /* Base */,
				557845681FB81B0700AB2102 /* es */,
			);
			name = Main.storyboard;
			sourceTree = "<group>";
		};
		557028E71F33DF67007ADC87 /* LaunchScreen.storyboard */ = {
			isa = PBXVariantGroup;
			children = (
				557028E81F33DF67007ADC87 /* Base */,
				557845691FB81B0800AB2102 /* es */,
			);
			name = LaunchScreen.storyboard;
			sourceTree = "<group>";
		};
		557845651FB81A2500AB2102 /* Localizable.strings */ = {
			isa = PBXVariantGroup;
			children = (
				557845641FB81A2500AB2102 /* en */,
				557845671FB81AAC00AB2102 /* Base */,
				5578456A1FB81B0800AB2102 /* es */,
			);
			name = Localizable.strings;
			sourceTree = "<group>";
		};
/* End PBXVariantGroup section */

/* Begin XCBuildConfiguration section */
		557028EB1F33DF67007ADC87 /* Debug */ = {
			isa = XCBuildConfiguration;
			buildSettings = {
				ALWAYS_SEARCH_USER_PATHS = NO;
				CLANG_ANALYZER_LOCALIZABILITY_NONLOCALIZED = YES;
				CLANG_ANALYZER_NONNULL = YES;
				CLANG_ANALYZER_NUMBER_OBJECT_CONVERSION = YES_AGGRESSIVE;
				CLANG_CXX_LANGUAGE_STANDARD = "gnu++0x";
				CLANG_CXX_LIBRARY = "libc++";
				CLANG_ENABLE_MODULES = YES;
				CLANG_ENABLE_OBJC_ARC = YES;
				CLANG_WARN_BLOCK_CAPTURE_AUTORELEASING = YES;
				CLANG_WARN_BOOL_CONVERSION = YES;
				CLANG_WARN_COMMA = YES;
				CLANG_WARN_CONSTANT_CONVERSION = YES;
				CLANG_WARN_DIRECT_OBJC_ISA_USAGE = YES_ERROR;
				CLANG_WARN_DOCUMENTATION_COMMENTS = YES;
				CLANG_WARN_EMPTY_BODY = YES;
				CLANG_WARN_ENUM_CONVERSION = YES;
				CLANG_WARN_INFINITE_RECURSION = YES;
				CLANG_WARN_INT_CONVERSION = YES;
				CLANG_WARN_NON_LITERAL_NULL_CONVERSION = YES;
				CLANG_WARN_OBJC_LITERAL_CONVERSION = YES;
				CLANG_WARN_OBJC_ROOT_CLASS = YES_ERROR;
				CLANG_WARN_RANGE_LOOP_ANALYSIS = YES;
				CLANG_WARN_STRICT_PROTOTYPES = YES;
				CLANG_WARN_SUSPICIOUS_MOVE = YES;
				CLANG_WARN_UNREACHABLE_CODE = YES;
				CLANG_WARN__DUPLICATE_METHOD_MATCH = YES;
				"CODE_SIGN_IDENTITY[sdk=iphoneos*]" = "iPhone Developer";
				COPY_PHASE_STRIP = NO;
				DEBUG_INFORMATION_FORMAT = dwarf;
				ENABLE_STRICT_OBJC_MSGSEND = YES;
				ENABLE_TESTABILITY = YES;
				GCC_C_LANGUAGE_STANDARD = gnu99;
				GCC_DYNAMIC_NO_PIC = NO;
				GCC_NO_COMMON_BLOCKS = YES;
				GCC_OPTIMIZATION_LEVEL = 0;
				GCC_PREPROCESSOR_DEFINITIONS = (
					"DEBUG=1",
					"$(inherited)",
				);
				GCC_WARN_64_TO_32_BIT_CONVERSION = YES;
				GCC_WARN_ABOUT_RETURN_TYPE = YES_ERROR;
				GCC_WARN_UNDECLARED_SELECTOR = YES;
				GCC_WARN_UNINITIALIZED_AUTOS = YES_AGGRESSIVE;
				GCC_WARN_UNUSED_FUNCTION = YES;
				GCC_WARN_UNUSED_VARIABLE = YES;
				IPHONEOS_DEPLOYMENT_TARGET = 11.0;
				MTL_ENABLE_DEBUG_INFO = YES;
				ONLY_ACTIVE_ARCH = YES;
				SDKROOT = iphoneos;
				SWIFT_ACTIVE_COMPILATION_CONDITIONS = DEBUG;
				SWIFT_OPTIMIZATION_LEVEL = "-Onone";
			};
			name = Debug;
		};
		557028EC1F33DF67007ADC87 /* Release */ = {
			isa = XCBuildConfiguration;
			buildSettings = {
				ALWAYS_SEARCH_USER_PATHS = NO;
				CLANG_ANALYZER_LOCALIZABILITY_NONLOCALIZED = YES;
				CLANG_ANALYZER_NONNULL = YES;
				CLANG_ANALYZER_NUMBER_OBJECT_CONVERSION = YES_AGGRESSIVE;
				CLANG_CXX_LANGUAGE_STANDARD = "gnu++0x";
				CLANG_CXX_LIBRARY = "libc++";
				CLANG_ENABLE_MODULES = YES;
				CLANG_ENABLE_OBJC_ARC = YES;
				CLANG_WARN_BLOCK_CAPTURE_AUTORELEASING = YES;
				CLANG_WARN_BOOL_CONVERSION = YES;
				CLANG_WARN_COMMA = YES;
				CLANG_WARN_CONSTANT_CONVERSION = YES;
				CLANG_WARN_DIRECT_OBJC_ISA_USAGE = YES_ERROR;
				CLANG_WARN_DOCUMENTATION_COMMENTS = YES;
				CLANG_WARN_EMPTY_BODY = YES;
				CLANG_WARN_ENUM_CONVERSION = YES;
				CLANG_WARN_INFINITE_RECURSION = YES;
				CLANG_WARN_INT_CONVERSION = YES;
				CLANG_WARN_NON_LITERAL_NULL_CONVERSION = YES;
				CLANG_WARN_OBJC_LITERAL_CONVERSION = YES;
				CLANG_WARN_OBJC_ROOT_CLASS = YES_ERROR;
				CLANG_WARN_RANGE_LOOP_ANALYSIS = YES;
				CLANG_WARN_STRICT_PROTOTYPES = YES;
				CLANG_WARN_SUSPICIOUS_MOVE = YES;
				CLANG_WARN_UNREACHABLE_CODE = YES;
				CLANG_WARN__DUPLICATE_METHOD_MATCH = YES;
				"CODE_SIGN_IDENTITY[sdk=iphoneos*]" = "iPhone Developer";
				COPY_PHASE_STRIP = NO;
				DEBUG_INFORMATION_FORMAT = "dwarf-with-dsym";
				ENABLE_NS_ASSERTIONS = NO;
				ENABLE_STRICT_OBJC_MSGSEND = YES;
				GCC_C_LANGUAGE_STANDARD = gnu99;
				GCC_NO_COMMON_BLOCKS = YES;
				GCC_WARN_64_TO_32_BIT_CONVERSION = YES;
				GCC_WARN_ABOUT_RETURN_TYPE = YES_ERROR;
				GCC_WARN_UNDECLARED_SELECTOR = YES;
				GCC_WARN_UNINITIALIZED_AUTOS = YES_AGGRESSIVE;
				GCC_WARN_UNUSED_FUNCTION = YES;
				GCC_WARN_UNUSED_VARIABLE = YES;
				IPHONEOS_DEPLOYMENT_TARGET = 11.0;
				MTL_ENABLE_DEBUG_INFO = NO;
				SDKROOT = iphoneos;
				SWIFT_OPTIMIZATION_LEVEL = "-Owholemodule";
				VALIDATE_PRODUCT = YES;
			};
			name = Release;
		};
		557028EE1F33DF67007ADC87 /* Debug */ = {
			isa = XCBuildConfiguration;
			baseConfigurationReference = D5D7BF16280BED52C0358E4F /* Pods-DogSpotter.debug.xcconfig */;
			buildSettings = {
				ASSETCATALOG_COMPILER_APPICON_NAME = AppIcon;
				CLANG_USE_OPTIMIZATION_PROFILE = YES;
				"CODE_SIGN_IDENTITY[sdk=iphoneos*]" = "iPhone Developer";
				CODE_SIGN_STYLE = Automatic;
				DEVELOPMENT_TEAM = FB5JTSFFP4;
				INFOPLIST_FILE = DogSpotter/Info.plist;
				IPHONEOS_DEPLOYMENT_TARGET = 11.0;
				LD_RUNPATH_SEARCH_PATHS = "$(inherited) @executable_path/Frameworks";
				PRODUCT_BUNDLE_IDENTIFIER = com.codypotter.DogSpotter8;
				PRODUCT_NAME = "$(TARGET_NAME)";
				PROVISIONING_PROFILE_SPECIFIER = "";
				SWIFT_SWIFT3_OBJC_INFERENCE = Off;
				SWIFT_VERSION = 4.0;
			};
			name = Debug;
		};
		557028EF1F33DF67007ADC87 /* Release */ = {
			isa = XCBuildConfiguration;
			baseConfigurationReference = E1AB53EB3B938C9600F26879 /* Pods-DogSpotter.release.xcconfig */;
			buildSettings = {
				ASSETCATALOG_COMPILER_APPICON_NAME = AppIcon;
				CLANG_USE_OPTIMIZATION_PROFILE = YES;
				"CODE_SIGN_IDENTITY[sdk=iphoneos*]" = "iPhone Developer";
				CODE_SIGN_STYLE = Automatic;
				DEVELOPMENT_TEAM = FB5JTSFFP4;
				INFOPLIST_FILE = DogSpotter/Info.plist;
				IPHONEOS_DEPLOYMENT_TARGET = 11.0;
				LD_RUNPATH_SEARCH_PATHS = "$(inherited) @executable_path/Frameworks";
				PRODUCT_BUNDLE_IDENTIFIER = com.codypotter.DogSpotter8;
				PRODUCT_NAME = "$(TARGET_NAME)";
				PROVISIONING_PROFILE_SPECIFIER = "";
				SWIFT_SWIFT3_OBJC_INFERENCE = Off;
				SWIFT_VERSION = 4.0;
			};
			name = Release;
		};
/* End XCBuildConfiguration section */

/* Begin XCConfigurationList section */
		557028D61F33DF67007ADC87 /* Build configuration list for PBXProject "DogSpotter" */ = {
			isa = XCConfigurationList;
			buildConfigurations = (
				557028EB1F33DF67007ADC87 /* Debug */,
				557028EC1F33DF67007ADC87 /* Release */,
			);
			defaultConfigurationIsVisible = 0;
			defaultConfigurationName = Release;
		};
		557028ED1F33DF67007ADC87 /* Build configuration list for PBXNativeTarget "DogSpotter" */ = {
			isa = XCConfigurationList;
			buildConfigurations = (
				557028EE1F33DF67007ADC87 /* Debug */,
				557028EF1F33DF67007ADC87 /* Release */,
			);
			defaultConfigurationIsVisible = 0;
			defaultConfigurationName = Release;
		};
/* End XCConfigurationList section */
	};
	rootObject = 557028D31F33DF67007ADC87 /* Project object */;
}
